{
  "name": "tablesample",
  "version": "1.0.0",
  "lockfileVersion": 1,
  "requires": true,
  "dependencies": {
    "webcomponents.js-v1": {
      "version": "0.7.21",
      "resolved": "https://registry.npmjs.org/webcomponents.js-v1/-/webcomponents.js-v1-0.7.21.tgz",
      "integrity": "sha1-eEGbR5r7EGiEX4SMg0WUNtR0UGE="
    }
  }
}
